
Microsoft Visual Studio Solution File, Format Version 12.00
# Visual Studio Version 17
VisualStudioVersion = 17.3.32922.545
MinimumVisualStudioVersion = 10.0.40219.1
Project("{FAE04EC0-301F-11D3-BF4B-00C04F79EFBC}") = "Sayilar", "Sayilar\Sayilar.csproj", "{8A3D63C0-46AC-41F6-B7F5-29A01A5895D7}"
EndProject
Global
	GlobalSection(SolutionConfigurationPlatforms) = preSolution
		Debug|Any CPU = Debug|Any CPU
		Release|Any CPU = Release|Any CPU
	EndGlobalSection
	GlobalSection(ProjectConfigurationPlatforms) = postSolution
		{8A3D63C0-46AC-41F6-B7F5-29A01A5895D7}.Debug|Any CPU.ActiveCfg = Debug|Any CPU
		{8A3D63C0-46AC-41F6-B7F5-29A01A5895D7}.Debug|Any CPU.Build.0 = Debug|Any CPU
		{8A3D63C0-46AC-41F6-B7F5-29A01A5895D7}.Release|Any CPU.ActiveCfg = Release|Any CPU
		{8A3D63C0-46AC-41F6-B7F5-29A01A5895D7}.Release|Any CPU.Build.0 = Release|Any CPU
	EndGlobalSection
	GlobalSection(SolutionProperties) = preSolution
		HideSolutionNode = FALSE
	EndGlobalSection
	GlobalSection(ExtensibilityGlobals) = postSolution
		SolutionGuid = {0B39767F-98EE-43BE-8381-62A2148C3E4C}
	EndGlobalSection
EndGlobal
